
Microsoft Visual Studio Solution File, Format Version 12.00
# Visual Studio Version 17
VisualStudioVersion = 17.6.33723.286
MinimumVisualStudioVersion = 10.0.40219.1
Project("{FAE04EC0-301F-11D3-BF4B-00C04F79EFBC}") = "AccountExcercise", "AccountExcercise\AccountExcercise.csproj", "{A6039DF9-3460-4AD9-B056-01D8D011F5FE}"
EndProject
Global
	GlobalSection(SolutionConfigurationPlatforms) = preSolution
		Debug|Any CPU = Debug|Any CPU
		Release|Any CPU = Release|Any CPU
	EndGlobalSection
	GlobalSection(ProjectConfigurationPlatforms) = postSolution
		{A6039DF9-3460-4AD9-B056-01D8D011F5FE}.Debug|Any CPU.ActiveCfg = Debug|Any CPU
		{A6039DF9-3460-4AD9-B056-01D8D011F5FE}.Debug|Any CPU.Build.0 = Debug|Any CPU
		{A6039DF9-3460-4AD9-B056-01D8D011F5FE}.Release|Any CPU.ActiveCfg = Release|Any CPU
		{A6039DF9-3460-4AD9-B056-01D8D011F5FE}.Release|Any CPU.Build.0 = Release|Any CPU
	EndGlobalSection
	GlobalSection(SolutionProperties) = preSolution
		HideSolutionNode = FALSE
	EndGlobalSection
	GlobalSection(ExtensibilityGlobals) = postSolution
		SolutionGuid = {F2EFBC66-A2EA-4886-B469-BE3F37A5FB2D}
	EndGlobalSection
EndGlobal
